
Microsoft Visual Studio Solution File, Format Version 12.00
# Visual Studio Version 17
VisualStudioVersion = 17.8.34316.72
MinimumVisualStudioVersion = 10.0.40219.1
Project("{8BC9CEB8-8B4A-11D0-8D11-00A0C91BC942}") = "Stinger", "Stinger\Stinger.vcxproj", "{585036CD-4E75-4880-B1F6-FAFDF80F27A1}"
EndProject
Global
	GlobalSection(SolutionConfigurationPlatforms) = preSolution
		Debug|x64 = Debug|x64
		Debug|x86 = Debug|x86
		Release|x64 = Release|x64
		Release|x86 = Release|x86
	EndGlobalSection
	GlobalSection(ProjectConfigurationPlatforms) = postSolution
		{585036CD-4E75-4880-B1F6-FAFDF80F27A1}.Debug|x64.ActiveCfg = Debug|x64
		{585036CD-4E75-4880-B1F6-FAFDF80F27A1}.Debug|x64.Build.0 = Debug|x64
		{585036CD-4E75-4880-B1F6-FAFDF80F27A1}.Debug|x86.ActiveCfg = Debug|Win32
		{585036CD-4E75-4880-B1F6-FAFDF80F27A1}.Debug|x86.Build.0 = Debug|Win32
		{585036CD-4E75-4880-B1F6-FAFDF80F27A1}.Release|x64.ActiveCfg = Release|x64
		{585036CD-4E75-4880-B1F6-FAFDF80F27A1}.Release|x64.Build.0 = Release|x64
		{585036CD-4E75-4880-B1F6-FAFDF80F27A1}.Release|x86.ActiveCfg = Release|Win32
		{585036CD-4E75-4880-B1F6-FAFDF80F27A1}.Release|x86.Build.0 = Release|Win32
	EndGlobalSection
	GlobalSection(SolutionProperties) = preSolution
		HideSolutionNode = FALSE
	EndGlobalSection
	GlobalSection(ExtensibilityGlobals) = postSolution
		SolutionGuid = {D80A6862-746E-46C7-A91F-B49D3F64AE17}
	EndGlobalSection
EndGlobal
